
Microsoft Visual Studio Solution File, Format Version 12.00
# Visual Studio Version 17
VisualStudioVersion = 17.7.34031.279
MinimumVisualStudioVersion = 10.0.40219.1
Project("{FAE04EC0-301F-11D3-BF4B-00C04F79EFBC}") = "ExercicioDeFixação", "ExercicioDeFixação\ExercicioDeFixação.csproj", "{38CB2901-F7C2-4F15-9A56-DB38DB7B55CB}"
EndProject
Global
	GlobalSection(SolutionConfigurationPlatforms) = preSolution
		Debug|Any CPU = Debug|Any CPU
		Release|Any CPU = Release|Any CPU
	EndGlobalSection
	GlobalSection(ProjectConfigurationPlatforms) = postSolution
		{38CB2901-F7C2-4F15-9A56-DB38DB7B55CB}.Debug|Any CPU.ActiveCfg = Debug|Any CPU
		{38CB2901-F7C2-4F15-9A56-DB38DB7B55CB}.Debug|Any CPU.Build.0 = Debug|Any CPU
		{38CB2901-F7C2-4F15-9A56-DB38DB7B55CB}.Release|Any CPU.ActiveCfg = Release|Any CPU
		{38CB2901-F7C2-4F15-9A56-DB38DB7B55CB}.Release|Any CPU.Build.0 = Release|Any CPU
	EndGlobalSection
	GlobalSection(SolutionProperties) = preSolution
		HideSolutionNode = FALSE
	EndGlobalSection
	GlobalSection(ExtensibilityGlobals) = postSolution
		SolutionGuid = {FD5EA12B-41D1-4062-87C2-C0A05DB89AAA}
	EndGlobalSection
EndGlobal
